
Microsoft Visual Studio Solution File, Format Version 12.00
# Visual Studio Version 17
VisualStudioVersion = 17.0.32112.339
MinimumVisualStudioVersion = 10.0.40219.1
Project("{8BC9CEB8-8B4A-11D0-8D11-00A0C91BC942}") = "Labs", "Labs\Labs.vcxproj", "{147D00E0-FA4D-4ED8-8AB1-D838CB3A6E16}"
EndProject
Global
	GlobalSection(SolutionConfigurationPlatforms) = preSolution
		Debug|x64 = Debug|x64
		Debug|x86 = Debug|x86
		Release|x64 = Release|x64
		Release|x86 = Release|x86
	EndGlobalSection
	GlobalSection(ProjectConfigurationPlatforms) = postSolution
		{147D00E0-FA4D-4ED8-8AB1-D838CB3A6E16}.Debug|x64.ActiveCfg = Debug|x64
		{147D00E0-FA4D-4ED8-8AB1-D838CB3A6E16}.Debug|x64.Build.0 = Debug|x64
		{147D00E0-FA4D-4ED8-8AB1-D838CB3A6E16}.Debug|x86.ActiveCfg = Debug|Win32
		{147D00E0-FA4D-4ED8-8AB1-D838CB3A6E16}.Debug|x86.Build.0 = Debug|Win32
		{147D00E0-FA4D-4ED8-8AB1-D838CB3A6E16}.Release|x64.ActiveCfg = Release|x64
		{147D00E0-FA4D-4ED8-8AB1-D838CB3A6E16}.Release|x64.Build.0 = Release|x64
		{147D00E0-FA4D-4ED8-8AB1-D838CB3A6E16}.Release|x86.ActiveCfg = Release|Win32
		{147D00E0-FA4D-4ED8-8AB1-D838CB3A6E16}.Release|x86.Build.0 = Release|Win32
	EndGlobalSection
	GlobalSection(SolutionProperties) = preSolution
		HideSolutionNode = FALSE
	EndGlobalSection
	GlobalSection(ExtensibilityGlobals) = postSolution
		SolutionGuid = {8F70FC7A-7B68-4915-9443-59FBB9DF9D66}
	EndGlobalSection
EndGlobal
